// !$*UTF8*$!
{
	archiveVersion = 1;
	classes = {
	};
	objectVersion = 46;
	objects = {

/* Begin PBXBuildFile section */
		B8036D2E1B97E4CC000B96D6 /* CoreLocation.framework in Frameworks */ = {isa = PBXBuildFile; fileRef = B8036D2D1B97E4CC000B96D6 /* CoreLocation.framework */; };
		B83889311B97DA820014EA5F /* AppDelegate.swift in Sources */ = {isa = PBXBuildFile; fileRef = B83889301B97DA820014EA5F /* AppDelegate.swift */; };
		B83889331B97DA820014EA5F /* ViewController.swift in Sources */ = {isa = PBXBuildFile; fileRef = B83889321B97DA820014EA5F /* ViewController.swift */; };
		B83889361B97DA820014EA5F /* Main.storyboard in Resources */ = {isa = PBXBuildFile; fileRef = B83889341B97DA820014EA5F /* Main.storyboard */; };
		B83889381B97DA820014EA5F /* Images.xcassets in Resources */ = {isa = PBXBuildFile; fileRef = B83889371B97DA820014EA5F /* Images.xcassets */; };
		B838893B1B97DA820014EA5F /* LaunchScreen.xib in Resources */ = {isa = PBXBuildFile; fileRef = B83889391B97DA820014EA5F /* LaunchScreen.xib */; };
		B83889471B97DA820014EA5F /* Swift_MapViewTests.swift in Sources */ = {isa = PBXBuildFile; fileRef = B83889461B97DA820014EA5F /* Swift_MapViewTests.swift */; };
		B83889511B97DAA40014EA5F /* MapKit.framework in Frameworks */ = {isa = PBXBuildFile; fileRef = B83889501B97DAA40014EA5F /* MapKit.framework */; };
		B8C47B961B9989F20071457D /* sample.png in Resources */ = {isa = PBXBuildFile; fileRef = B8C47B951B9989F20071457D /* sample.png */; };
/* End PBXBuildFile section */

/* Begin PBXContainerItemProxy section */
		B83889411B97DA820014EA5F /* PBXContainerItemProxy */ = {
			isa = PBXContainerItemProxy;
			containerPortal = B83889231B97DA820014EA5F /* Project object */;
			proxyType = 1;
			remoteGlobalIDString = B838892A1B97DA820014EA5F;
			remoteInfo = "Swift-MapView";
		};
/* End PBXContainerItemProxy section */

/* Begin PBXFileReference section */
		B8036D2D1B97E4CC000B96D6 /* CoreLocation.framework */ = {isa = PBXFileReference; lastKnownFileType = wrapper.framework; name = CoreLocation.framework; path = System/Library/Frameworks/CoreLocation.framework; sourceTree = SDKROOT; };
		B838892B1B97DA820014EA5F /* Swift-MapView.app */ = {isa = PBXFileReference; explicitFileType = wrapper.application; includeInIndex = 0; path = "Swift-MapView.app"; sourceTree = BUILT_PRODUCTS_DIR; };
		B838892F1B97DA820014EA5F /* Info.plist */ = {isa = PBXFileReference; lastKnownFileType = text.plist.xml; path = Info.plist; sourceTree = "<group>"; };
		B83889301B97DA820014EA5F /* AppDelegate.swift */ = {isa = PBXFileReference; lastKnownFileType = sourcecode.swift; path = AppDelegate.swift; sourceTree = "<group>"; };
		B83889321B97DA820014EA5F /* ViewController.swift */ = {isa = PBXFileReference; lastKnownFileType = sourcecode.swift; path = ViewController.swift; sourceTree = "<group>"; };
		B83889351B97DA820014EA5F /* Base */ = {isa = PBXFileReference; lastKnownFileType = file.storyboard; name = Base; path = Base.lproj/Main.storyboard; sourceTree = "<group>"; };
		B83889371B97DA820014EA5F /* Images.xcassets */ = {isa = PBXFileReference; lastKnownFileType = folder.assetcatalog; path = Images.xcassets; sourceTree = "<group>"; };
		B838893A1B97DA820014EA5F /* Base */ = {isa = PBXFileReference; lastKnownFileType = file.xib; name = Base; path = Base.lproj/LaunchScreen.xib; sourceTree = "<group>"; };
		B83889401B97DA820014EA5F /* Swift-MapViewTests.xctest */ = {isa = PBXFileReference; explicitFileType = wrapper.cfbundle; includeInIndex = 0; path = "Swift-MapViewTests.xctest"; sourceTree = BUILT_PRODUCTS_DIR; };
		B83889451B97DA820014EA5F /* Info.plist */ = {isa = PBXFileReference; lastKnownFileType = text.plist.xml; path = Info.plist; sourceTree = "<group>"; };
		B83889461B97DA820014EA5F /* Swift_MapViewTests.swift */ = {isa = PBXFileReference; lastKnownFileType = sourcecode.swift; path = Swift_MapViewTests.swift; sourceTree = "<group>"; };
		B83889501B97DAA40014EA5F /* MapKit.framework */ = {isa = PBXFileReference; lastKnownFileType = wrapper.framework; name = MapKit.framework; path = System/Library/Frameworks/MapKit.framework; sourceTree = SDKROOT; };
		B8C47B951B9989F20071457D /* sample.png */ = {isa = PBXFileReference; lastKnownFileType = image.png; path = sample.png; sourceTree = "<group>"; };
/* End PBXFileReference section */

/* Begin PBXFrameworksBuildPhase section */
		B83889281B97DA820014EA5F /* Frameworks */ = {
			isa = PBXFrameworksBuildPhase;
			buildActionMask = 2147483647;
			files = (
				B8036D2E1B97E4CC000B96D6 /* CoreLocation.framework in Frameworks */,
				B83889511B97DAA40014EA5F /* MapKit.framework in Frameworks */,
			);
			runOnlyForDeploymentPostprocessing = 0;
		};
		B838893D1B97DA820014EA5F /* Frameworks */ = {
			isa = PBXFrameworksBuildPhase;
			buildActionMask = 2147483647;
			files = (
			);
			runOnlyForDeploymentPostprocessing = 0;
		};
/* End PBXFrameworksBuildPhase section */

/* Begin PBXGroup section */
		B83889221B97DA820014EA5F = {
			isa = PBXGroup;
			children = (
				B8036D2D1B97E4CC000B96D6 /* CoreLocation.framework */,
				B83889501B97DAA40014EA5F /* MapKit.framework */,
				B838892D1B97DA820014EA5F /* Swift-MapView */,
				B83889431B97DA820014EA5F /* Swift-MapViewTests */,
				B838892C1B97DA820014EA5F /* Products */,
			);
			sourceTree = "<group>";
		};
		B838892C1B97DA820014EA5F /* Products */ = {
			isa = PBXGroup;
			children = (
				B838892B1B97DA820014EA5F /* Swift-MapView.app */,
				B83889401B97DA820014EA5F /* Swift-MapViewTests.xctest */,
			);
			name = Products;
			sourceTree = "<group>";
		};
		B838892D1B97DA820014EA5F /* Swift-MapView */ = {
			isa = PBXGroup;
			children = (
				B83889301B97DA820014EA5F /* AppDelegate.swift */,
				B83889321B97DA820014EA5F /* ViewController.swift */,
				B83889341B97DA820014EA5F /* Main.storyboard */,
				B83889371B97DA820014EA5F /* Images.xcassets */,
				B83889391B97DA820014EA5F /* LaunchScreen.xib */,
				B838892E1B97DA820014EA5F /* Supporting Files */,
			);
			path = "Swift-MapView";
			sourceTree = "<group>";
		};
		B838892E1B97DA820014EA5F /* Supporting Files */ = {
			isa = PBXGroup;
			children = (
				B8C47B951B9989F20071457D /* sample.png */,
				B838892F1B97DA820014EA5F /* Info.plist */,
			);
			name = "Supporting Files";
			sourceTree = "<group>";
		};
		B83889431B97DA820014EA5F /* Swift-MapViewTests */ = {
			isa = PBXGroup;
			children = (
				B83889461B97DA820014EA5F /* Swift_MapViewTests.swift */,
				B83889441B97DA820014EA5F /* Supporting Files */,
			);
			path = "Swift-MapViewTests";
			sourceTree = "<group>";
		};
		B83889441B97DA820014EA5F /* Supporting Files */ = {
			isa = PBXGroup;
			children = (
				B83889451B97DA820014EA5F /* Info.plist */,
			);
			name = "Supporting Files";
			sourceTree = "<group>";
		};
/* End PBXGroup section */

/* Begin PBXNativeTarget section */
		B838892A1B97DA820014EA5F /* Swift-MapView */ = {
			isa = PBXNativeTarget;
			buildConfigurationList = B838894A1B97DA820014EA5F /* Build configuration list for PBXNativeTarget "Swift-MapView" */;
			buildPhases = (
				B83889271B97DA820014EA5F /* Sources */,
				B83889281B97DA820014EA5F /* Frameworks */,
				B83889291B97DA820014EA5F /* Resources */,
			);
			buildRules = (
			);
			dependencies = (
			);
			name = "Swift-MapView";
			productName = "Swift-MapView";
			productReference = B838892B1B97DA820014EA5F /* Swift-MapView.app */;
			productType = "com.apple.product-type.application";
		};
		B838893F1B97DA820014EA5F /* Swift-MapViewTests */ = {
			isa = PBXNativeTarget;
			buildConfigurationList = B838894D1B97DA820014EA5F /* Build configuration list for PBXNativeTarget "Swift-MapViewTests" */;
			buildPhases = (
				B838893C1B97DA820014EA5F /* Sources */,
				B838893D1B97DA820014EA5F /* Frameworks */,
				B838893E1B97DA820014EA5F /* Resources */,
			);
			buildRules = (
			);
			dependencies = (
				B83889421B97DA820014EA5F /* PBXTargetDependency */,
			);
			name = "Swift-MapViewTests";
			productName = "Swift-MapViewTests";
			productReference = B83889401B97DA820014EA5F /* Swift-MapViewTests.xctest */;
			productType = "com.apple.product-type.bundle.unit-test";
		};
/* End PBXNativeTarget section */

/* Begin PBXProject section */
		B83889231B97DA820014EA5F /* Project object */ = {
			isa = PBXProject;
			attributes = {
				LastUpgradeCheck = 0620;
				ORGANIZATIONNAME = "Yutaka Sano";
				TargetAttributes = {
					B838892A1B97DA820014EA5F = {
						CreatedOnToolsVersion = 6.2;
					};
					B838893F1B97DA820014EA5F = {
						CreatedOnToolsVersion = 6.2;
						TestTargetID = B838892A1B97DA820014EA5F;
					};
				};
			};
			buildConfigurationList = B83889261B97DA820014EA5F /* Build configuration list for PBXProject "Swift-MapView" */;
			compatibilityVersion = "Xcode 3.2";
			developmentRegion = English;
			hasScannedForEncodings = 0;
			knownRegions = (
				en,
				Base,
			);
			mainGroup = B83889221B97DA820014EA5F;
			productRefGroup = B838892C1B97DA820014EA5F /* Products */;
			projectDirPath = "";
			projectRoot = "";
			targets = (
				B838892A1B97DA820014EA5F /* Swift-MapView */,
				B838893F1B97DA820014EA5F /* Swift-MapViewTests */,
			);
		};
/* End PBXProject section */

/* Begin PBXResourcesBuildPhase section */
		B83889291B97DA820014EA5F /* Resources */ = {
			isa = PBXResourcesBuildPhase;
			buildActionMask = 2147483647;
			files = (
				B8C47B961B9989F20071457D /* sample.png in Resources */,
				B83889361B97DA820014EA5F /* Main.storyboard in Resources */,
				B838893B1B97DA820014EA5F /* LaunchScreen.xib in Resources */,
				B83889381B97DA820014EA5F /* Images.xcassets in Resources */,
			);
			runOnlyForDeploymentPostprocessing = 0;
		};
		B838893E1B97DA820014EA5F /* Resources */ = {
			isa = PBXResourcesBuildPhase;
			buildActionMask = 2147483647;
			files = (
			);
			runOnlyForDeploymentPostprocessing = 0;
		};
/* End PBXResourcesBuildPhase section */

/* Begin PBXSourcesBuildPhase section */
		B83889271B97DA820014EA5F /* Sources */ = {
			isa = PBXSourcesBuildPhase;
			buildActionMask = 2147483647;
			files = (
				B83889331B97DA820014EA5F /* ViewController.swift in Sources */,
				B83889311B97DA820014EA5F /* AppDelegate.swift in Sources */,
			);
			runOnlyForDeploymentPostprocessing = 0;
		};
		B838893C1B97DA820014EA5F /* Sources */ = {
			isa = PBXSourcesBuildPhase;
			buildActionMask = 2147483647;
			files = (
				B83889471B97DA820014EA5F /* Swift_MapViewTests.swift in Sources */,
			);
			runOnlyForDeploymentPostprocessing = 0;
		};
/* End PBXSourcesBuildPhase section */

/* Begin PBXTargetDependency section */
		B83889421B97DA820014EA5F /* PBXTargetDependency */ = {
			isa = PBXTargetDependency;
			target = B838892A1B97DA820014EA5F /* Swift-MapView */;
			targetProxy = B83889411B97DA820014EA5F /* PBXContainerItemProxy */;
		};
/* End PBXTargetDependency section */

/* Begin PBXVariantGroup section */
		B83889341B97DA820014EA5F /* Main.storyboard */ = {
			isa = PBXVariantGroup;
			children = (
				B83889351B97DA820014EA5F /* Base */,
			);
			name = Main.storyboard;
			sourceTree = "<group>";
		};
		B83889391B97DA820014EA5F /* LaunchScreen.xib */ = {
			isa = PBXVariantGroup;
			children = (
				B838893A1B97DA820014EA5F /* Base */,
			);
			name = LaunchScreen.xib;
			sourceTree = "<group>";
		};
/* End PBXVariantGroup section */

/* Begin XCBuildConfiguration section */
		B83889481B97DA820014EA5F /* Debug */ = {
			isa = XCBuildConfiguration;
			buildSettings = {
				ALWAYS_SEARCH_USER_PATHS = NO;
				CLANG_CXX_LANGUAGE_STANDARD = "gnu++0x";
				CLANG_CXX_LIBRARY = "libc++";
				CLANG_ENABLE_MODULES = YES;
				CLANG_ENABLE_OBJC_ARC = YES;
				CLANG_WARN_BOOL_CONVERSION = YES;
				CLANG_WARN_CONSTANT_CONVERSION = YES;
				CLANG_WARN_DIRECT_OBJC_ISA_USAGE = YES_ERROR;
				CLANG_WARN_EMPTY_BODY = YES;
				CLANG_WARN_ENUM_CONVERSION = YES;
				CLANG_WARN_INT_CONVERSION = YES;
				CLANG_WARN_OBJC_ROOT_CLASS = YES_ERROR;
				CLANG_WARN_UNREACHABLE_CODE = YES;
				CLANG_WARN__DUPLICATE_METHOD_MATCH = YES;
				"CODE_SIGN_IDENTITY[sdk=iphoneos*]" = "iPhone Developer";
				COPY_PHASE_STRIP = NO;
				ENABLE_STRICT_OBJC_MSGSEND = YES;
				GCC_C_LANGUAGE_STANDARD = gnu99;
				GCC_DYNAMIC_NO_PIC = NO;
				GCC_OPTIMIZATION_LEVEL = 0;
				GCC_PREPROCESSOR_DEFINITIONS = (
					"DEBUG=1",
					"$(inherited)",
				);
				GCC_SYMBOLS_PRIVATE_EXTERN = NO;
				GCC_WARN_64_TO_32_BIT_CONVERSION = YES;
				GCC_WARN_ABOUT_RETURN_TYPE = YES_ERROR;
				GCC_WARN_UNDECLARED_SELECTOR = YES;
				GCC_WARN_UNINITIALIZED_AUTOS = YES_AGGRESSIVE;
				GCC_WARN_UNUSED_FUNCTION = YES;
				GCC_WARN_UNUSED_VARIABLE = YES;
				IPHONEOS_DEPLOYMENT_TARGET = 8.2;
				MTL_ENABLE_DEBUG_INFO = YES;
				ONLY_ACTIVE_ARCH = YES;
				SDKROOT = iphoneos;
				SWIFT_OPTIMIZATION_LEVEL = "-Onone";
				TARGETED_DEVICE_FAMILY = "1,2";
			};
			name = Debug;
		};
		B83889491B97DA820014EA5F /* Release */ = {
			isa = XCBuildConfiguration;
			buildSettings = {
				ALWAYS_SEARCH_USER_PATHS = NO;
				CLANG_CXX_LANGUAGE_STANDARD = "gnu++0x";
				CLANG_CXX_LIBRARY = "libc++";
				CLANG_ENABLE_MODULES = YES;
				CLANG_ENABLE_OBJC_ARC = YES;
				CLANG_WARN_BOOL_CONVERSION = YES;
				CLANG_WARN_CONSTANT_CONVERSION = YES;
				CLANG_WARN_DIRECT_OBJC_ISA_USAGE = YES_ERROR;
				CLANG_WARN_EMPTY_BODY = YES;
				CLANG_WARN_ENUM_CONVERSION = YES;
				CLANG_WARN_INT_CONVERSION = YES;
				CLANG_WARN_OBJC_ROOT_CLASS = YES_ERROR;
				CLANG_WARN_UNREACHABLE_CODE = YES;
				CLANG_WARN__DUPLICATE_METHOD_MATCH = YES;
				"CODE_SIGN_IDENTITY[sdk=iphoneos*]" = "iPhone Developer";
				COPY_PHASE_STRIP = NO;
				ENABLE_NS_ASSERTIONS = NO;
				ENABLE_STRICT_OBJC_MSGSEND = YES;
				GCC_C_LANGUAGE_STANDARD = gnu99;
				GCC_WARN_64_TO_32_BIT_CONVERSION = YES;
				GCC_WARN_ABOUT_RETURN_TYPE = YES_ERROR;
				GCC_WARN_UNDECLARED_SELECTOR = YES;
				GCC_WARN_UNINITIALIZED_AUTOS = YES_AGGRESSIVE;
				GCC_WARN_UNUSED_FUNCTION = YES;
				GCC_WARN_UNUSED_VARIABLE = YES;
				IPHONEOS_DEPLOYMENT_TARGET = 8.2;
				MTL_ENABLE_DEBUG_INFO = NO;
				SDKROOT = iphoneos;
				TARGETED_DEVICE_FAMILY = "1,2";
				VALIDATE_PRODUCT = YES;
			};
			name = Release;
		};
		B838894B1B97DA820014EA5F /* Debug */ = {
			isa = XCBuildConfiguration;
			buildSettings = {
				ASSETCATALOG_COMPILER_APPICON_NAME = AppIcon;
				INFOPLIST_FILE = "Swift-MapView/Info.plist";
				IPHONEOS_DEPLOYMENT_TARGET = 8.2;
				LD_RUNPATH_SEARCH_PATHS = "$(inherited) @executable_path/Frameworks";
				PRODUCT_NAME = "$(TARGET_NAME)";
			};
			name = Debug;
		};
		B838894C1B97DA820014EA5F /* Release */ = {
			isa = XCBuildConfiguration;
			buildSettings = {
				ASSETCATALOG_COMPILER_APPICON_NAME = AppIcon;
				INFOPLIST_FILE = "Swift-MapView/Info.plist";
				IPHONEOS_DEPLOYMENT_TARGET = 8.2;
				LD_RUNPATH_SEARCH_PATHS = "$(inherited) @executable_path/Frameworks";
				PRODUCT_NAME = "$(TARGET_NAME)";
			};
			name = Release;
		};
		B838894E1B97DA820014EA5F /* Debug */ = {
			isa = XCBuildConfiguration;
			buildSettings = {
				BUNDLE_LOADER = "$(TEST_HOST)";
				FRAMEWORK_SEARCH_PATHS = (
					"$(SDKROOT)/Developer/Library/Frameworks",
					"$(inherited)",
				);
				GCC_PREPROCESSOR_DEFINITIONS = (
					"DEBUG=1",
					"$(inherited)",
				);
				INFOPLIST_FILE = "Swift-MapViewTests/Info.plist";
				LD_RUNPATH_SEARCH_PATHS = "$(inherited) @executable_path/Frameworks @loader_path/Frameworks";
				PRODUCT_NAME = "$(TARGET_NAME)";
				TEST_HOST = "$(BUILT_PRODUCTS_DIR)/Swift-MapView.app/Swift-MapView";
			};
			name = Debug;
		};
		B838894F1B97DA820014EA5F /* Release */ = {
			isa = XCBuildConfiguration;
			buildSettings = {
				BUNDLE_LOADER = "$(TEST_HOST)";
				FRAMEWORK_SEARCH_PATHS = (
					"$(SDKROOT)/Developer/Library/Frameworks",
					"$(inherited)",
				);
				INFOPLIST_FILE = "Swift-MapViewTests/Info.plist";
				LD_RUNPATH_SEARCH_PATHS = "$(inherited) @executable_path/Frameworks @loader_path/Frameworks";
				PRODUCT_NAME = "$(TARGET_NAME)";
				TEST_HOST = "$(BUILT_PRODUCTS_DIR)/Swift-MapView.app/Swift-MapView";
			};
			name = Release;
		};
/* End XCBuildConfiguration section */

/* Begin XCConfigurationList section */
		B83889261B97DA820014EA5F /* Build configuration list for PBXProject "Swift-MapView" */ = {
			isa = XCConfigurationList;
			buildConfigurations = (
				B83889481B97DA820014EA5F /* Debug */,
				B83889491B97DA820014EA5F /* Release */,
			);
			defaultConfigurationIsVisible = 0;
			defaultConfigurationName = Release;
		};
		B838894A1B97DA820014EA5F /* Build configuration list for PBXNativeTarget "Swift-MapView" */ = {
			isa = XCConfigurationList;
			buildConfigurations = (
				B838894B1B97DA820014EA5F /* Debug */,
				B838894C1B97DA820014EA5F /* Release */,
			);
			defaultConfigurationIsVisible = 0;
			defaultConfigurationName = Release;
		};
		B838894D1B97DA820014EA5F /* Build configuration list for PBXNativeTarget "Swift-MapViewTests" */ = {
			isa = XCConfigurationList;
			buildConfigurations = (
				B838894E1B97DA820014EA5F /* Debug */,
				B838894F1B97DA820014EA5F /* Release */,
			);
			defaultConfigurationIsVisible = 0;
			defaultConfigurationName = Release;
		};
/* End XCConfigurationList section */
	};
	rootObject = B83889231B97DA820014EA5F /* Project object */;
}
