// !$*UTF8*$!
{
	archiveVersion = 1;
	classes = {
	};
	objectVersion = 46;
	objects = {

/* Begin PBXBuildFile section */
		B81AA78B1B9D3E84005BC4C5 /* AppDelegate.swift in Sources */ = {isa = PBXBuildFile; fileRef = B81AA78A1B9D3E84005BC4C5 /* AppDelegate.swift */; };
		B81AA78D1B9D3E84005BC4C5 /* ViewController.swift in Sources */ = {isa = PBXBuildFile; fileRef = B81AA78C1B9D3E84005BC4C5 /* ViewController.swift */; };
		B81AA7901B9D3E84005BC4C5 /* Main.storyboard in Resources */ = {isa = PBXBuildFile; fileRef = B81AA78E1B9D3E84005BC4C5 /* Main.storyboard */; };
		B81AA7921B9D3E84005BC4C5 /* Images.xcassets in Resources */ = {isa = PBXBuildFile; fileRef = B81AA7911B9D3E84005BC4C5 /* Images.xcassets */; };
		B81AA7951B9D3E84005BC4C5 /* LaunchScreen.xib in Resources */ = {isa = PBXBuildFile; fileRef = B81AA7931B9D3E84005BC4C5 /* LaunchScreen.xib */; };
		B81AA7A11B9D3E84005BC4C5 /* swift_popupTests.swift in Sources */ = {isa = PBXBuildFile; fileRef = B81AA7A01B9D3E84005BC4C5 /* swift_popupTests.swift */; };
/* End PBXBuildFile section */

/* Begin PBXContainerItemProxy section */
		B81AA79B1B9D3E84005BC4C5 /* PBXContainerItemProxy */ = {
			isa = PBXContainerItemProxy;
			containerPortal = B81AA77D1B9D3E84005BC4C5 /* Project object */;
			proxyType = 1;
			remoteGlobalIDString = B81AA7841B9D3E84005BC4C5;
			remoteInfo = "swift-popup";
		};
/* End PBXContainerItemProxy section */

/* Begin PBXFileReference section */
		B81AA7851B9D3E84005BC4C5 /* swift-popup.app */ = {isa = PBXFileReference; explicitFileType = wrapper.application; includeInIndex = 0; path = "swift-popup.app"; sourceTree = BUILT_PRODUCTS_DIR; };
		B81AA7891B9D3E84005BC4C5 /* Info.plist */ = {isa = PBXFileReference; lastKnownFileType = text.plist.xml; path = Info.plist; sourceTree = "<group>"; };
		B81AA78A1B9D3E84005BC4C5 /* AppDelegate.swift */ = {isa = PBXFileReference; lastKnownFileType = sourcecode.swift; path = AppDelegate.swift; sourceTree = "<group>"; };
		B81AA78C1B9D3E84005BC4C5 /* ViewController.swift */ = {isa = PBXFileReference; lastKnownFileType = sourcecode.swift; path = ViewController.swift; sourceTree = "<group>"; };
		B81AA78F1B9D3E84005BC4C5 /* Base */ = {isa = PBXFileReference; lastKnownFileType = file.storyboard; name = Base; path = Base.lproj/Main.storyboard; sourceTree = "<group>"; };
		B81AA7911B9D3E84005BC4C5 /* Images.xcassets */ = {isa = PBXFileReference; lastKnownFileType = folder.assetcatalog; path = Images.xcassets; sourceTree = "<group>"; };
		B81AA7941B9D3E84005BC4C5 /* Base */ = {isa = PBXFileReference; lastKnownFileType = file.xib; name = Base; path = Base.lproj/LaunchScreen.xib; sourceTree = "<group>"; };
		B81AA79A1B9D3E84005BC4C5 /* swift-popupTests.xctest */ = {isa = PBXFileReference; explicitFileType = wrapper.cfbundle; includeInIndex = 0; path = "swift-popupTests.xctest"; sourceTree = BUILT_PRODUCTS_DIR; };
		B81AA79F1B9D3E84005BC4C5 /* Info.plist */ = {isa = PBXFileReference; lastKnownFileType = text.plist.xml; path = Info.plist; sourceTree = "<group>"; };
		B81AA7A01B9D3E84005BC4C5 /* swift_popupTests.swift */ = {isa = PBXFileReference; lastKnownFileType = sourcecode.swift; path = swift_popupTests.swift; sourceTree = "<group>"; };
/* End PBXFileReference section */

/* Begin PBXFrameworksBuildPhase section */
		B81AA7821B9D3E84005BC4C5 /* Frameworks */ = {
			isa = PBXFrameworksBuildPhase;
			buildActionMask = 2147483647;
			files = (
			);
			runOnlyForDeploymentPostprocessing = 0;
		};
		B81AA7971B9D3E84005BC4C5 /* Frameworks */ = {
			isa = PBXFrameworksBuildPhase;
			buildActionMask = 2147483647;
			files = (
			);
			runOnlyForDeploymentPostprocessing = 0;
		};
/* End PBXFrameworksBuildPhase section */

/* Begin PBXGroup section */
		B81AA77C1B9D3E84005BC4C5 = {
			isa = PBXGroup;
			children = (
				B81AA7871B9D3E84005BC4C5 /* swift-popup */,
				B81AA79D1B9D3E84005BC4C5 /* swift-popupTests */,
				B81AA7861B9D3E84005BC4C5 /* Products */,
			);
			sourceTree = "<group>";
		};
		B81AA7861B9D3E84005BC4C5 /* Products */ = {
			isa = PBXGroup;
			children = (
				B81AA7851B9D3E84005BC4C5 /* swift-popup.app */,
				B81AA79A1B9D3E84005BC4C5 /* swift-popupTests.xctest */,
			);
			name = Products;
			sourceTree = "<group>";
		};
		B81AA7871B9D3E84005BC4C5 /* swift-popup */ = {
			isa = PBXGroup;
			children = (
				B81AA78A1B9D3E84005BC4C5 /* AppDelegate.swift */,
				B81AA78C1B9D3E84005BC4C5 /* ViewController.swift */,
				B81AA78E1B9D3E84005BC4C5 /* Main.storyboard */,
				B81AA7911B9D3E84005BC4C5 /* Images.xcassets */,
				B81AA7931B9D3E84005BC4C5 /* LaunchScreen.xib */,
				B81AA7881B9D3E84005BC4C5 /* Supporting Files */,
			);
			path = "swift-popup";
			sourceTree = "<group>";
		};
		B81AA7881B9D3E84005BC4C5 /* Supporting Files */ = {
			isa = PBXGroup;
			children = (
				B81AA7891B9D3E84005BC4C5 /* Info.plist */,
			);
			name = "Supporting Files";
			sourceTree = "<group>";
		};
		B81AA79D1B9D3E84005BC4C5 /* swift-popupTests */ = {
			isa = PBXGroup;
			children = (
				B81AA7A01B9D3E84005BC4C5 /* swift_popupTests.swift */,
				B81AA79E1B9D3E84005BC4C5 /* Supporting Files */,
			);
			path = "swift-popupTests";
			sourceTree = "<group>";
		};
		B81AA79E1B9D3E84005BC4C5 /* Supporting Files */ = {
			isa = PBXGroup;
			children = (
				B81AA79F1B9D3E84005BC4C5 /* Info.plist */,
			);
			name = "Supporting Files";
			sourceTree = "<group>";
		};
/* End PBXGroup section */

/* Begin PBXNativeTarget section */
		B81AA7841B9D3E84005BC4C5 /* swift-popup */ = {
			isa = PBXNativeTarget;
			buildConfigurationList = B81AA7A41B9D3E84005BC4C5 /* Build configuration list for PBXNativeTarget "swift-popup" */;
			buildPhases = (
				B81AA7811B9D3E84005BC4C5 /* Sources */,
				B81AA7821B9D3E84005BC4C5 /* Frameworks */,
				B81AA7831B9D3E84005BC4C5 /* Resources */,
			);
			buildRules = (
			);
			dependencies = (
			);
			name = "swift-popup";
			productName = "swift-popup";
			productReference = B81AA7851B9D3E84005BC4C5 /* swift-popup.app */;
			productType = "com.apple.product-type.application";
		};
		B81AA7991B9D3E84005BC4C5 /* swift-popupTests */ = {
			isa = PBXNativeTarget;
			buildConfigurationList = B81AA7A71B9D3E84005BC4C5 /* Build configuration list for PBXNativeTarget "swift-popupTests" */;
			buildPhases = (
				B81AA7961B9D3E84005BC4C5 /* Sources */,
				B81AA7971B9D3E84005BC4C5 /* Frameworks */,
				B81AA7981B9D3E84005BC4C5 /* Resources */,
			);
			buildRules = (
			);
			dependencies = (
				B81AA79C1B9D3E84005BC4C5 /* PBXTargetDependency */,
			);
			name = "swift-popupTests";
			productName = "swift-popupTests";
			productReference = B81AA79A1B9D3E84005BC4C5 /* swift-popupTests.xctest */;
			productType = "com.apple.product-type.bundle.unit-test";
		};
/* End PBXNativeTarget section */

/* Begin PBXProject section */
		B81AA77D1B9D3E84005BC4C5 /* Project object */ = {
			isa = PBXProject;
			attributes = {
				LastUpgradeCheck = 0630;
				ORGANIZATIONNAME = "Yutaka Sano";
				TargetAttributes = {
					B81AA7841B9D3E84005BC4C5 = {
						CreatedOnToolsVersion = 6.3;
					};
					B81AA7991B9D3E84005BC4C5 = {
						CreatedOnToolsVersion = 6.3;
						TestTargetID = B81AA7841B9D3E84005BC4C5;
					};
				};
			};
			buildConfigurationList = B81AA7801B9D3E84005BC4C5 /* Build configuration list for PBXProject "swift-popup" */;
			compatibilityVersion = "Xcode 3.2";
			developmentRegion = English;
			hasScannedForEncodings = 0;
			knownRegions = (
				en,
				Base,
			);
			mainGroup = B81AA77C1B9D3E84005BC4C5;
			productRefGroup = B81AA7861B9D3E84005BC4C5 /* Products */;
			projectDirPath = "";
			projectRoot = "";
			targets = (
				B81AA7841B9D3E84005BC4C5 /* swift-popup */,
				B81AA7991B9D3E84005BC4C5 /* swift-popupTests */,
			);
		};
/* End PBXProject section */

/* Begin PBXResourcesBuildPhase section */
		B81AA7831B9D3E84005BC4C5 /* Resources */ = {
			isa = PBXResourcesBuildPhase;
			buildActionMask = 2147483647;
			files = (
				B81AA7901B9D3E84005BC4C5 /* Main.storyboard in Resources */,
				B81AA7951B9D3E84005BC4C5 /* LaunchScreen.xib in Resources */,
				B81AA7921B9D3E84005BC4C5 /* Images.xcassets in Resources */,
			);
			runOnlyForDeploymentPostprocessing = 0;
		};
		B81AA7981B9D3E84005BC4C5 /* Resources */ = {
			isa = PBXResourcesBuildPhase;
			buildActionMask = 2147483647;
			files = (
			);
			runOnlyForDeploymentPostprocessing = 0;
		};
/* End PBXResourcesBuildPhase section */

/* Begin PBXSourcesBuildPhase section */
		B81AA7811B9D3E84005BC4C5 /* Sources */ = {
			isa = PBXSourcesBuildPhase;
			buildActionMask = 2147483647;
			files = (
				B81AA78D1B9D3E84005BC4C5 /* ViewController.swift in Sources */,
				B81AA78B1B9D3E84005BC4C5 /* AppDelegate.swift in Sources */,
			);
			runOnlyForDeploymentPostprocessing = 0;
		};
		B81AA7961B9D3E84005BC4C5 /* Sources */ = {
			isa = PBXSourcesBuildPhase;
			buildActionMask = 2147483647;
			files = (
				B81AA7A11B9D3E84005BC4C5 /* swift_popupTests.swift in Sources */,
			);
			runOnlyForDeploymentPostprocessing = 0;
		};
/* End PBXSourcesBuildPhase section */

/* Begin PBXTargetDependency section */
		B81AA79C1B9D3E84005BC4C5 /* PBXTargetDependency */ = {
			isa = PBXTargetDependency;
			target = B81AA7841B9D3E84005BC4C5 /* swift-popup */;
			targetProxy = B81AA79B1B9D3E84005BC4C5 /* PBXContainerItemProxy */;
		};
/* End PBXTargetDependency section */

/* Begin PBXVariantGroup section */
		B81AA78E1B9D3E84005BC4C5 /* Main.storyboard */ = {
			isa = PBXVariantGroup;
			children = (
				B81AA78F1B9D3E84005BC4C5 /* Base */,
			);
			name = Main.storyboard;
			sourceTree = "<group>";
		};
		B81AA7931B9D3E84005BC4C5 /* LaunchScreen.xib */ = {
			isa = PBXVariantGroup;
			children = (
				B81AA7941B9D3E84005BC4C5 /* Base */,
			);
			name = LaunchScreen.xib;
			sourceTree = "<group>";
		};
/* End PBXVariantGroup section */

/* Begin XCBuildConfiguration section */
		B81AA7A21B9D3E84005BC4C5 /* Debug */ = {
			isa = XCBuildConfiguration;
			buildSettings = {
				ALWAYS_SEARCH_USER_PATHS = NO;
				CLANG_CXX_LANGUAGE_STANDARD = "gnu++0x";
				CLANG_CXX_LIBRARY = "libc++";
				CLANG_ENABLE_MODULES = YES;
				CLANG_ENABLE_OBJC_ARC = YES;
				CLANG_WARN_BOOL_CONVERSION = YES;
				CLANG_WARN_CONSTANT_CONVERSION = YES;
				CLANG_WARN_DIRECT_OBJC_ISA_USAGE = YES_ERROR;
				CLANG_WARN_EMPTY_BODY = YES;
				CLANG_WARN_ENUM_CONVERSION = YES;
				CLANG_WARN_INT_CONVERSION = YES;
				CLANG_WARN_OBJC_ROOT_CLASS = YES_ERROR;
				CLANG_WARN_UNREACHABLE_CODE = YES;
				CLANG_WARN__DUPLICATE_METHOD_MATCH = YES;
				"CODE_SIGN_IDENTITY[sdk=iphoneos*]" = "iPhone Developer";
				COPY_PHASE_STRIP = NO;
				DEBUG_INFORMATION_FORMAT = "dwarf-with-dsym";
				ENABLE_STRICT_OBJC_MSGSEND = YES;
				GCC_C_LANGUAGE_STANDARD = gnu99;
				GCC_DYNAMIC_NO_PIC = NO;
				GCC_NO_COMMON_BLOCKS = YES;
				GCC_OPTIMIZATION_LEVEL = 0;
				GCC_PREPROCESSOR_DEFINITIONS = (
					"DEBUG=1",
					"$(inherited)",
				);
				GCC_SYMBOLS_PRIVATE_EXTERN = NO;
				GCC_WARN_64_TO_32_BIT_CONVERSION = YES;
				GCC_WARN_ABOUT_RETURN_TYPE = YES_ERROR;
				GCC_WARN_UNDECLARED_SELECTOR = YES;
				GCC_WARN_UNINITIALIZED_AUTOS = YES_AGGRESSIVE;
				GCC_WARN_UNUSED_FUNCTION = YES;
				GCC_WARN_UNUSED_VARIABLE = YES;
				IPHONEOS_DEPLOYMENT_TARGET = 8.3;
				MTL_ENABLE_DEBUG_INFO = YES;
				ONLY_ACTIVE_ARCH = YES;
				SDKROOT = iphoneos;
				SWIFT_OPTIMIZATION_LEVEL = "-Onone";
				TARGETED_DEVICE_FAMILY = "1,2";
			};
			name = Debug;
		};
		B81AA7A31B9D3E84005BC4C5 /* Release */ = {
			isa = XCBuildConfiguration;
			buildSettings = {
				ALWAYS_SEARCH_USER_PATHS = NO;
				CLANG_CXX_LANGUAGE_STANDARD = "gnu++0x";
				CLANG_CXX_LIBRARY = "libc++";
				CLANG_ENABLE_MODULES = YES;
				CLANG_ENABLE_OBJC_ARC = YES;
				CLANG_WARN_BOOL_CONVERSION = YES;
				CLANG_WARN_CONSTANT_CONVERSION = YES;
				CLANG_WARN_DIRECT_OBJC_ISA_USAGE = YES_ERROR;
				CLANG_WARN_EMPTY_BODY = YES;
				CLANG_WARN_ENUM_CONVERSION = YES;
				CLANG_WARN_INT_CONVERSION = YES;
				CLANG_WARN_OBJC_ROOT_CLASS = YES_ERROR;
				CLANG_WARN_UNREACHABLE_CODE = YES;
				CLANG_WARN__DUPLICATE_METHOD_MATCH = YES;
				"CODE_SIGN_IDENTITY[sdk=iphoneos*]" = "iPhone Developer";
				COPY_PHASE_STRIP = NO;
				DEBUG_INFORMATION_FORMAT = "dwarf-with-dsym";
				ENABLE_NS_ASSERTIONS = NO;
				ENABLE_STRICT_OBJC_MSGSEND = YES;
				GCC_C_LANGUAGE_STANDARD = gnu99;
				GCC_NO_COMMON_BLOCKS = YES;
				GCC_WARN_64_TO_32_BIT_CONVERSION = YES;
				GCC_WARN_ABOUT_RETURN_TYPE = YES_ERROR;
				GCC_WARN_UNDECLARED_SELECTOR = YES;
				GCC_WARN_UNINITIALIZED_AUTOS = YES_AGGRESSIVE;
				GCC_WARN_UNUSED_FUNCTION = YES;
				GCC_WARN_UNUSED_VARIABLE = YES;
				IPHONEOS_DEPLOYMENT_TARGET = 8.3;
				MTL_ENABLE_DEBUG_INFO = NO;
				SDKROOT = iphoneos;
				TARGETED_DEVICE_FAMILY = "1,2";
				VALIDATE_PRODUCT = YES;
			};
			name = Release;
		};
		B81AA7A51B9D3E84005BC4C5 /* Debug */ = {
			isa = XCBuildConfiguration;
			buildSettings = {
				ASSETCATALOG_COMPILER_APPICON_NAME = AppIcon;
				INFOPLIST_FILE = "swift-popup/Info.plist";
				LD_RUNPATH_SEARCH_PATHS = "$(inherited) @executable_path/Frameworks";
				PRODUCT_NAME = "$(TARGET_NAME)";
			};
			name = Debug;
		};
		B81AA7A61B9D3E84005BC4C5 /* Release */ = {
			isa = XCBuildConfiguration;
			buildSettings = {
				ASSETCATALOG_COMPILER_APPICON_NAME = AppIcon;
				INFOPLIST_FILE = "swift-popup/Info.plist";
				LD_RUNPATH_SEARCH_PATHS = "$(inherited) @executable_path/Frameworks";
				PRODUCT_NAME = "$(TARGET_NAME)";
			};
			name = Release;
		};
		B81AA7A81B9D3E84005BC4C5 /* Debug */ = {
			isa = XCBuildConfiguration;
			buildSettings = {
				BUNDLE_LOADER = "$(TEST_HOST)";
				FRAMEWORK_SEARCH_PATHS = (
					"$(SDKROOT)/Developer/Library/Frameworks",
					"$(inherited)",
				);
				GCC_PREPROCESSOR_DEFINITIONS = (
					"DEBUG=1",
					"$(inherited)",
				);
				INFOPLIST_FILE = "swift-popupTests/Info.plist";
				LD_RUNPATH_SEARCH_PATHS = "$(inherited) @executable_path/Frameworks @loader_path/Frameworks";
				PRODUCT_NAME = "$(TARGET_NAME)";
				TEST_HOST = "$(BUILT_PRODUCTS_DIR)/swift-popup.app/swift-popup";
			};
			name = Debug;
		};
		B81AA7A91B9D3E84005BC4C5 /* Release */ = {
			isa = XCBuildConfiguration;
			buildSettings = {
				BUNDLE_LOADER = "$(TEST_HOST)";
				FRAMEWORK_SEARCH_PATHS = (
					"$(SDKROOT)/Developer/Library/Frameworks",
					"$(inherited)",
				);
				INFOPLIST_FILE = "swift-popupTests/Info.plist";
				LD_RUNPATH_SEARCH_PATHS = "$(inherited) @executable_path/Frameworks @loader_path/Frameworks";
				PRODUCT_NAME = "$(TARGET_NAME)";
				TEST_HOST = "$(BUILT_PRODUCTS_DIR)/swift-popup.app/swift-popup";
			};
			name = Release;
		};
/* End XCBuildConfiguration section */

/* Begin XCConfigurationList section */
		B81AA7801B9D3E84005BC4C5 /* Build configuration list for PBXProject "swift-popup" */ = {
			isa = XCConfigurationList;
			buildConfigurations = (
				B81AA7A21B9D3E84005BC4C5 /* Debug */,
				B81AA7A31B9D3E84005BC4C5 /* Release */,
			);
			defaultConfigurationIsVisible = 0;
			defaultConfigurationName = Release;
		};
		B81AA7A41B9D3E84005BC4C5 /* Build configuration list for PBXNativeTarget "swift-popup" */ = {
			isa = XCConfigurationList;
			buildConfigurations = (
				B81AA7A51B9D3E84005BC4C5 /* Debug */,
				B81AA7A61B9D3E84005BC4C5 /* Release */,
			);
			defaultConfigurationIsVisible = 0;
		};
		B81AA7A71B9D3E84005BC4C5 /* Build configuration list for PBXNativeTarget "swift-popupTests" */ = {
			isa = XCConfigurationList;
			buildConfigurations = (
				B81AA7A81B9D3E84005BC4C5 /* Debug */,
				B81AA7A91B9D3E84005BC4C5 /* Release */,
			);
			defaultConfigurationIsVisible = 0;
		};
/* End XCConfigurationList section */
	};
	rootObject = B81AA77D1B9D3E84005BC4C5 /* Project object */;
}
